
Microsoft Visual Studio Solution File, Format Version 11.00
# Visual Studio 2010
Project("{FAE04EC0-301F-11D3-BF4B-00C04F79EFBC}") = "Assembly-CSharp", "Assembly-CSharp.csproj", "{6c61d896-538e-7fc3-2be6-38a468180cab}"
EndProject
Global
	GlobalSection(SolutionConfigurationPlatforms) = preSolution
		Debug|Any CPU = Debug|Any CPU
		Release|Any CPU = Release|Any CPU
	EndGlobalSection
	GlobalSection(ProjectConfigurationPlatforms) = postSolution
		{6c61d896-538e-7fc3-2be6-38a468180cab}.Debug|Any CPU.ActiveCfg = Debug|Any CPU
		{6c61d896-538e-7fc3-2be6-38a468180cab}.Debug|Any CPU.Build.0 = Debug|Any CPU
		{6c61d896-538e-7fc3-2be6-38a468180cab}.Release|Any CPU.ActiveCfg = Release|Any CPU
		{6c61d896-538e-7fc3-2be6-38a468180cab}.Release|Any CPU.Build.0 = Release|Any CPU
	EndGlobalSection
	GlobalSection(SolutionProperties) = preSolution
		HideSolutionNode = FALSE
	EndGlobalSection
EndGlobal
